// !$*UTF8*$!
{
	archiveVersion = 1;
	classes = {
	};
	objectVersion = 55;
	objects = {

/* Begin PBXBuildFile section */
		1D52C6A5283F32BD00BF93A7 /* H4X0R_NewsApp.swift in Sources */ = {isa = PBXBuildFile; fileRef = 1D52C6A4283F32BD00BF93A7 /* H4X0R_NewsApp.swift */; };
		1D52C6A7283F32BD00BF93A7 /* ContentView.swift in Sources */ = {isa = PBXBuildFile; fileRef = 1D52C6A6283F32BD00BF93A7 /* ContentView.swift */; };
		1D52C6A9283F32C000BF93A7 /* Assets.xcassets in Resources */ = {isa = PBXBuildFile; fileRef = 1D52C6A8283F32C000BF93A7 /* Assets.xcassets */; };
		1D52C6AC283F32C000BF93A7 /* Preview Assets.xcassets in Resources */ = {isa = PBXBuildFile; fileRef = 1D52C6AB283F32C000BF93A7 /* Preview Assets.xcassets */; };
		1D52C6B4283F3A5900BF93A7 /* NetworkManager.swift in Sources */ = {isa = PBXBuildFile; fileRef = 1D52C6B3283F3A5900BF93A7 /* NetworkManager.swift */; };
		1D52C6B6283F3B5F00BF93A7 /* PostData.swift in Sources */ = {isa = PBXBuildFile; fileRef = 1D52C6B5283F3B5F00BF93A7 /* PostData.swift */; };
		1D52C6BA283FED9A00BF93A7 /* DetailView.swift in Sources */ = {isa = PBXBuildFile; fileRef = 1D52C6B9283FED9A00BF93A7 /* DetailView.swift */; };
		1D52C6BC283FF34B00BF93A7 /* WebView.swift in Sources */ = {isa = PBXBuildFile; fileRef = 1D52C6BB283FF34B00BF93A7 /* WebView.swift */; };
/* End PBXBuildFile section */

/* Begin PBXFileReference section */
		1D52C6A1283F32BD00BF93A7 /* H4X0R-News.app */ = {isa = PBXFileReference; explicitFileType = wrapper.application; includeInIndex = 0; path = "H4X0R-News.app"; sourceTree = BUILT_PRODUCTS_DIR; };
		1D52C6A4283F32BD00BF93A7 /* H4X0R_NewsApp.swift */ = {isa = PBXFileReference; lastKnownFileType = sourcecode.swift; path = H4X0R_NewsApp.swift; sourceTree = "<group>"; };
		1D52C6A6283F32BD00BF93A7 /* ContentView.swift */ = {isa = PBXFileReference; lastKnownFileType = sourcecode.swift; path = ContentView.swift; sourceTree = "<group>"; };
		1D52C6A8283F32C000BF93A7 /* Assets.xcassets */ = {isa = PBXFileReference; lastKnownFileType = folder.assetcatalog; path = Assets.xcassets; sourceTree = "<group>"; };
		1D52C6AB283F32C000BF93A7 /* Preview Assets.xcassets */ = {isa = PBXFileReference; lastKnownFileType = folder.assetcatalog; path = "Preview Assets.xcassets"; sourceTree = "<group>"; };
		1D52C6B3283F3A5900BF93A7 /* NetworkManager.swift */ = {isa = PBXFileReference; lastKnownFileType = sourcecode.swift; path = NetworkManager.swift; sourceTree = "<group>"; };
		1D52C6B5283F3B5F00BF93A7 /* PostData.swift */ = {isa = PBXFileReference; lastKnownFileType = sourcecode.swift; path = PostData.swift; sourceTree = "<group>"; };
		1D52C6B9283FED9A00BF93A7 /* DetailView.swift */ = {isa = PBXFileReference; lastKnownFileType = sourcecode.swift; path = DetailView.swift; sourceTree = "<group>"; };
		1D52C6BB283FF34B00BF93A7 /* WebView.swift */ = {isa = PBXFileReference; lastKnownFileType = sourcecode.swift; path = WebView.swift; sourceTree = "<group>"; };
		1D52C6BD283FF5A900BF93A7 /* H4X0R-News.entitlements */ = {isa = PBXFileReference; lastKnownFileType = text.plist.entitlements; path = "H4X0R-News.entitlements"; sourceTree = "<group>"; };
/* End PBXFileReference section */

/* Begin PBXFrameworksBuildPhase section */
		1D52C69E283F32BD00BF93A7 /* Frameworks */ = {
			isa = PBXFrameworksBuildPhase;
			buildActionMask = 2147483647;
			files = (
			);
			runOnlyForDeploymentPostprocessing = 0;
		};
/* End PBXFrameworksBuildPhase section */

/* Begin PBXGroup section */
		1D52C698283F32BD00BF93A7 = {
			isa = PBXGroup;
			children = (
				1D52C6A3283F32BD00BF93A7 /* H4X0R-News */,
				1D52C6A2283F32BD00BF93A7 /* Products */,
			);
			sourceTree = "<group>";
		};
		1D52C6A2283F32BD00BF93A7 /* Products */ = {
			isa = PBXGroup;
			children = (
				1D52C6A1283F32BD00BF93A7 /* H4X0R-News.app */,
			);
			name = Products;
			sourceTree = "<group>";
		};
		1D52C6A3283F32BD00BF93A7 /* H4X0R-News */ = {
			isa = PBXGroup;
			children = (
				1D52C6BD283FF5A900BF93A7 /* H4X0R-News.entitlements */,
				1D52C6B2283F3A3F00BF93A7 /* Models */,
				1D52C6A4283F32BD00BF93A7 /* H4X0R_NewsApp.swift */,
				1D52C6B8283FED8100BF93A7 /* Views */,
				1D52C6A8283F32C000BF93A7 /* Assets.xcassets */,
				1D52C6AA283F32C000BF93A7 /* Preview Content */,
			);
			path = "H4X0R-News";
			sourceTree = "<group>";
		};
		1D52C6AA283F32C000BF93A7 /* Preview Content */ = {
			isa = PBXGroup;
			children = (
				1D52C6AB283F32C000BF93A7 /* Preview Assets.xcassets */,
			);
			path = "Preview Content";
			sourceTree = "<group>";
		};
		1D52C6B2283F3A3F00BF93A7 /* Models */ = {
			isa = PBXGroup;
			children = (
				1D52C6B3283F3A5900BF93A7 /* NetworkManager.swift */,
				1D52C6B5283F3B5F00BF93A7 /* PostData.swift */,
			);
			path = Models;
			sourceTree = "<group>";
		};
		1D52C6B8283FED8100BF93A7 /* Views */ = {
			isa = PBXGroup;
			children = (
				1D52C6A6283F32BD00BF93A7 /* ContentView.swift */,
				1D52C6B9283FED9A00BF93A7 /* DetailView.swift */,
				1D52C6BB283FF34B00BF93A7 /* WebView.swift */,
			);
			path = Views;
			sourceTree = "<group>";
		};
/* End PBXGroup section */

/* Begin PBXNativeTarget section */
		1D52C6A0283F32BD00BF93A7 /* H4X0R-News */ = {
			isa = PBXNativeTarget;
			buildConfigurationList = 1D52C6AF283F32C000BF93A7 /* Build configuration list for PBXNativeTarget "H4X0R-News" */;
			buildPhases = (
				1D52C69D283F32BD00BF93A7 /* Sources */,
				1D52C69E283F32BD00BF93A7 /* Frameworks */,
				1D52C69F283F32BD00BF93A7 /* Resources */,
			);
			buildRules = (
			);
			dependencies = (
			);
			name = "H4X0R-News";
			productName = "H4X0R-News";
			productReference = 1D52C6A1283F32BD00BF93A7 /* H4X0R-News.app */;
			productType = "com.apple.product-type.application";
		};
/* End PBXNativeTarget section */

/* Begin PBXProject section */
		1D52C699283F32BD00BF93A7 /* Project object */ = {
			isa = PBXProject;
			attributes = {
				BuildIndependentTargetsInParallel = 1;
				LastSwiftUpdateCheck = 1340;
				LastUpgradeCheck = 1340;
				TargetAttributes = {
					1D52C6A0283F32BD00BF93A7 = {
						CreatedOnToolsVersion = 13.4;
					};
				};
			};
			buildConfigurationList = 1D52C69C283F32BD00BF93A7 /* Build configuration list for PBXProject "H4X0R-News" */;
			compatibilityVersion = "Xcode 13.0";
			developmentRegion = en;
			hasScannedForEncodings = 0;
			knownRegions = (
				en,
				Base,
			);
			mainGroup = 1D52C698283F32BD00BF93A7;
			productRefGroup = 1D52C6A2283F32BD00BF93A7 /* Products */;
			projectDirPath = "";
			projectRoot = "";
			targets = (
				1D52C6A0283F32BD00BF93A7 /* H4X0R-News */,
			);
		};
/* End PBXProject section */

/* Begin PBXResourcesBuildPhase section */
		1D52C69F283F32BD00BF93A7 /* Resources */ = {
			isa = PBXResourcesBuildPhase;
			buildActionMask = 2147483647;
			files = (
				1D52C6AC283F32C000BF93A7 /* Preview Assets.xcassets in Resources */,
				1D52C6A9283F32C000BF93A7 /* Assets.xcassets in Resources */,
			);
			runOnlyForDeploymentPostprocessing = 0;
		};
/* End PBXResourcesBuildPhase section */

/* Begin PBXSourcesBuildPhase section */
		1D52C69D283F32BD00BF93A7 /* Sources */ = {
			isa = PBXSourcesBuildPhase;
			buildActionMask = 2147483647;
			files = (
				1D52C6B4283F3A5900BF93A7 /* NetworkManager.swift in Sources */,
				1D52C6B6283F3B5F00BF93A7 /* PostData.swift in Sources */,
				1D52C6A7283F32BD00BF93A7 /* ContentView.swift in Sources */,
				1D52C6BC283FF34B00BF93A7 /* WebView.swift in Sources */,
				1D52C6BA283FED9A00BF93A7 /* DetailView.swift in Sources */,
				1D52C6A5283F32BD00BF93A7 /* H4X0R_NewsApp.swift in Sources */,
			);
			runOnlyForDeploymentPostprocessing = 0;
		};
/* End PBXSourcesBuildPhase section */

/* Begin XCBuildConfiguration section */
		1D52C6AD283F32C000BF93A7 /* Debug */ = {
			isa = XCBuildConfiguration;
			buildSettings = {
				ALWAYS_SEARCH_USER_PATHS = NO;
				CLANG_ANALYZER_NONNULL = YES;
				CLANG_ANALYZER_NUMBER_OBJECT_CONVERSION = YES_AGGRESSIVE;
				CLANG_CXX_LANGUAGE_STANDARD = "gnu++17";
				CLANG_ENABLE_MODULES = YES;
				CLANG_ENABLE_OBJC_ARC = YES;
				CLANG_ENABLE_OBJC_WEAK = YES;
				CLANG_WARN_BLOCK_CAPTURE_AUTORELEASING = YES;
				CLANG_WARN_BOOL_CONVERSION = YES;
				CLANG_WARN_COMMA = YES;
				CLANG_WARN_CONSTANT_CONVERSION = YES;
				CLANG_WARN_DEPRECATED_OBJC_IMPLEMENTATIONS = YES;
				CLANG_WARN_DIRECT_OBJC_ISA_USAGE = YES_ERROR;
				CLANG_WARN_DOCUMENTATION_COMMENTS = YES;
				CLANG_WARN_EMPTY_BODY = YES;
				CLANG_WARN_ENUM_CONVERSION = YES;
				CLANG_WARN_INFINITE_RECURSION = YES;
				CLANG_WARN_INT_CONVERSION = YES;
				CLANG_WARN_NON_LITERAL_NULL_CONVERSION = YES;
				CLANG_WARN_OBJC_IMPLICIT_RETAIN_SELF = YES;
				CLANG_WARN_OBJC_LITERAL_CONVERSION = YES;
				CLANG_WARN_OBJC_ROOT_CLASS = YES_ERROR;
				CLANG_WARN_QUOTED_INCLUDE_IN_FRAMEWORK_HEADER = YES;
				CLANG_WARN_RANGE_LOOP_ANALYSIS = YES;
				CLANG_WARN_STRICT_PROTOTYPES = YES;
				CLANG_WARN_SUSPICIOUS_MOVE = YES;
				CLANG_WARN_UNGUARDED_AVAILABILITY = YES_AGGRESSIVE;
				CLANG_WARN_UNREACHABLE_CODE = YES;
				CLANG_WARN__DUPLICATE_METHOD_MATCH = YES;
				COPY_PHASE_STRIP = NO;
				DEBUG_INFORMATION_FORMAT = dwarf;
				ENABLE_STRICT_OBJC_MSGSEND = YES;
				ENABLE_TESTABILITY = YES;
				GCC_C_LANGUAGE_STANDARD = gnu11;
				GCC_DYNAMIC_NO_PIC = NO;
				GCC_NO_COMMON_BLOCKS = YES;
				GCC_OPTIMIZATION_LEVEL = 0;
				GCC_PREPROCESSOR_DEFINITIONS = (
					"DEBUG=1",
					"$(inherited)",
				);
				GCC_WARN_64_TO_32_BIT_CONVERSION = YES;
				GCC_WARN_ABOUT_RETURN_TYPE = YES_ERROR;
				GCC_WARN_UNDECLARED_SELECTOR = YES;
				GCC_WARN_UNINITIALIZED_AUTOS = YES_AGGRESSIVE;
				GCC_WARN_UNUSED_FUNCTION = YES;
				GCC_WARN_UNUSED_VARIABLE = YES;
				IPHONEOS_DEPLOYMENT_TARGET = 15.5;
				MTL_ENABLE_DEBUG_INFO = INCLUDE_SOURCE;
				MTL_FAST_MATH = YES;
				ONLY_ACTIVE_ARCH = YES;
				SDKROOT = iphoneos;
				SWIFT_ACTIVE_COMPILATION_CONDITIONS = DEBUG;
				SWIFT_OPTIMIZATION_LEVEL = "-Onone";
			};
			name = Debug;
		};
		1D52C6AE283F32C000BF93A7 /* Release */ = {
			isa = XCBuildConfiguration;
			buildSettings = {
				ALWAYS_SEARCH_USER_PATHS = NO;
				CLANG_ANALYZER_NONNULL = YES;
				CLANG_ANALYZER_NUMBER_OBJECT_CONVERSION = YES_AGGRESSIVE;
				CLANG_CXX_LANGUAGE_STANDARD = "gnu++17";
				CLANG_ENABLE_MODULES = YES;
				CLANG_ENABLE_OBJC_ARC = YES;
				CLANG_ENABLE_OBJC_WEAK = YES;
				CLANG_WARN_BLOCK_CAPTURE_AUTORELEASING = YES;
				CLANG_WARN_BOOL_CONVERSION = YES;
				CLANG_WARN_COMMA = YES;
				CLANG_WARN_CONSTANT_CONVERSION = YES;
				CLANG_WARN_DEPRECATED_OBJC_IMPLEMENTATIONS = YES;
				CLANG_WARN_DIRECT_OBJC_ISA_USAGE = YES_ERROR;
				CLANG_WARN_DOCUMENTATION_COMMENTS = YES;
				CLANG_WARN_EMPTY_BODY = YES;
				CLANG_WARN_ENUM_CONVERSION = YES;
				CLANG_WARN_INFINITE_RECURSION = YES;
				CLANG_WARN_INT_CONVERSION = YES;
				CLANG_WARN_NON_LITERAL_NULL_CONVERSION = YES;
				CLANG_WARN_OBJC_IMPLICIT_RETAIN_SELF = YES;
				CLANG_WARN_OBJC_LITERAL_CONVERSION = YES;
				CLANG_WARN_OBJC_ROOT_CLASS = YES_ERROR;
				CLANG_WARN_QUOTED_INCLUDE_IN_FRAMEWORK_HEADER = YES;
				CLANG_WARN_RANGE_LOOP_ANALYSIS = YES;
				CLANG_WARN_STRICT_PROTOTYPES = YES;
				CLANG_WARN_SUSPICIOUS_MOVE = YES;
				CLANG_WARN_UNGUARDED_AVAILABILITY = YES_AGGRESSIVE;
				CLANG_WARN_UNREACHABLE_CODE = YES;
				CLANG_WARN__DUPLICATE_METHOD_MATCH = YES;
				COPY_PHASE_STRIP = NO;
				DEBUG_INFORMATION_FORMAT = "dwarf-with-dsym";
				ENABLE_NS_ASSERTIONS = NO;
				ENABLE_STRICT_OBJC_MSGSEND = YES;
				GCC_C_LANGUAGE_STANDARD = gnu11;
				GCC_NO_COMMON_BLOCKS = YES;
				GCC_WARN_64_TO_32_BIT_CONVERSION = YES;
				GCC_WARN_ABOUT_RETURN_TYPE = YES_ERROR;
				GCC_WARN_UNDECLARED_SELECTOR = YES;
				GCC_WARN_UNINITIALIZED_AUTOS = YES_AGGRESSIVE;
				GCC_WARN_UNUSED_FUNCTION = YES;
				GCC_WARN_UNUSED_VARIABLE = YES;
				IPHONEOS_DEPLOYMENT_TARGET = 15.5;
				MTL_ENABLE_DEBUG_INFO = NO;
				MTL_FAST_MATH = YES;
				SDKROOT = iphoneos;
				SWIFT_COMPILATION_MODE = wholemodule;
				SWIFT_OPTIMIZATION_LEVEL = "-O";
				VALIDATE_PRODUCT = YES;
			};
			name = Release;
		};
		1D52C6B0283F32C000BF93A7 /* Debug */ = {
			isa = XCBuildConfiguration;
			buildSettings = {
				ASSETCATALOG_COMPILER_APPICON_NAME = AppIcon;
				ASSETCATALOG_COMPILER_GLOBAL_ACCENT_COLOR_NAME = AccentColor;
				CODE_SIGN_ENTITLEMENTS = "H4X0R-News/H4X0R-News.entitlements";
				"CODE_SIGN_IDENTITY[sdk=macosx*]" = "-";
				CODE_SIGN_STYLE = Automatic;
				CURRENT_PROJECT_VERSION = 1;
				DEVELOPMENT_ASSET_PATHS = "\"H4X0R-News/Preview Content\"";
				DEVELOPMENT_TEAM = KURTX4Q6QT;
				ENABLE_PREVIEWS = YES;
				GENERATE_INFOPLIST_FILE = YES;
				INFOPLIST_KEY_UIApplicationSceneManifest_Generation = YES;
				INFOPLIST_KEY_UIApplicationSupportsIndirectInputEvents = YES;
				INFOPLIST_KEY_UILaunchScreen_Generation = YES;
				INFOPLIST_KEY_UISupportedInterfaceOrientations_iPad = "UIInterfaceOrientationPortrait UIInterfaceOrientationPortraitUpsideDown UIInterfaceOrientationLandscapeLeft UIInterfaceOrientationLandscapeRight";
				INFOPLIST_KEY_UISupportedInterfaceOrientations_iPhone = "UIInterfaceOrientationPortrait UIInterfaceOrientationLandscapeLeft UIInterfaceOrientationLandscapeRight";
				LD_RUNPATH_SEARCH_PATHS = (
					"$(inherited)",
					"@executable_path/Frameworks",
				);
				MARKETING_VERSION = 1.0;
				PRODUCT_BUNDLE_IDENTIFIER = "com.jagg-dev.H4X0R-News";
				PRODUCT_NAME = "$(TARGET_NAME)";
				SUPPORTS_MACCATALYST = YES;
				SWIFT_EMIT_LOC_STRINGS = YES;
				SWIFT_VERSION = 5.0;
				TARGETED_DEVICE_FAMILY = "1,2";
			};
			name = Debug;
		};
		1D52C6B1283F32C000BF93A7 /* Release */ = {
			isa = XCBuildConfiguration;
			buildSettings = {
				ASSETCATALOG_COMPILER_APPICON_NAME = AppIcon;
				ASSETCATALOG_COMPILER_GLOBAL_ACCENT_COLOR_NAME = AccentColor;
				CODE_SIGN_ENTITLEMENTS = "H4X0R-News/H4X0R-News.entitlements";
				"CODE_SIGN_IDENTITY[sdk=macosx*]" = "-";
				CODE_SIGN_STYLE = Automatic;
				CURRENT_PROJECT_VERSION = 1;
				DEVELOPMENT_ASSET_PATHS = "\"H4X0R-News/Preview Content\"";
				DEVELOPMENT_TEAM = KURTX4Q6QT;
				ENABLE_PREVIEWS = YES;
				GENERATE_INFOPLIST_FILE = YES;
				INFOPLIST_KEY_UIApplicationSceneManifest_Generation = YES;
				INFOPLIST_KEY_UIApplicationSupportsIndirectInputEvents = YES;
				INFOPLIST_KEY_UILaunchScreen_Generation = YES;
				INFOPLIST_KEY_UISupportedInterfaceOrientations_iPad = "UIInterfaceOrientationPortrait UIInterfaceOrientationPortraitUpsideDown UIInterfaceOrientationLandscapeLeft UIInterfaceOrientationLandscapeRight";
				INFOPLIST_KEY_UISupportedInterfaceOrientations_iPhone = "UIInterfaceOrientationPortrait UIInterfaceOrientationLandscapeLeft UIInterfaceOrientationLandscapeRight";
				LD_RUNPATH_SEARCH_PATHS = (
					"$(inherited)",
					"@executable_path/Frameworks",
				);
				MARKETING_VERSION = 1.0;
				PRODUCT_BUNDLE_IDENTIFIER = "com.jagg-dev.H4X0R-News";
				PRODUCT_NAME = "$(TARGET_NAME)";
				SUPPORTS_MACCATALYST = YES;
				SWIFT_EMIT_LOC_STRINGS = YES;
				SWIFT_VERSION = 5.0;
				TARGETED_DEVICE_FAMILY = "1,2";
			};
			name = Release;
		};
/* End XCBuildConfiguration section */

/* Begin XCConfigurationList section */
		1D52C69C283F32BD00BF93A7 /* Build configuration list for PBXProject "H4X0R-News" */ = {
			isa = XCConfigurationList;
			buildConfigurations = (
				1D52C6AD283F32C000BF93A7 /* Debug */,
				1D52C6AE283F32C000BF93A7 /* Release */,
			);
			defaultConfigurationIsVisible = 0;
			defaultConfigurationName = Release;
		};
		1D52C6AF283F32C000BF93A7 /* Build configuration list for PBXNativeTarget "H4X0R-News" */ = {
			isa = XCConfigurationList;
			buildConfigurations = (
				1D52C6B0283F32C000BF93A7 /* Debug */,
				1D52C6B1283F32C000BF93A7 /* Release */,
			);
			defaultConfigurationIsVisible = 0;
			defaultConfigurationName = Release;
		};
/* End XCConfigurationList section */
	};
	rootObject = 1D52C699283F32BD00BF93A7 /* Project object */;
}
